
Microsoft Visual Studio Solution File, Format Version 12.00
# Visual Studio Version 16
VisualStudioVersion = 16.0.32510.428
MinimumVisualStudioVersion = 10.0.40219.1
Project("{FAE04EC0-301F-11D3-BF4B-00C04F79EFBC}") = "CursoDevs2Blu.ProjetosAulas.ProjetoAula2", "CursoDevs2Blu.ProjetosAulas.ProjetoAula2\CursoDevs2Blu.ProjetosAulas.ProjetoAula2.csproj", "{20904E99-6BCD-4DE2-8980-EDC44E20B7E3}"
EndProject
Global
	GlobalSection(SolutionConfigurationPlatforms) = preSolution
		Debug|Any CPU = Debug|Any CPU
		Release|Any CPU = Release|Any CPU
	EndGlobalSection
	GlobalSection(ProjectConfigurationPlatforms) = postSolution
		{20904E99-6BCD-4DE2-8980-EDC44E20B7E3}.Debug|Any CPU.ActiveCfg = Debug|Any CPU
		{20904E99-6BCD-4DE2-8980-EDC44E20B7E3}.Debug|Any CPU.Build.0 = Debug|Any CPU
		{20904E99-6BCD-4DE2-8980-EDC44E20B7E3}.Release|Any CPU.ActiveCfg = Release|Any CPU
		{20904E99-6BCD-4DE2-8980-EDC44E20B7E3}.Release|Any CPU.Build.0 = Release|Any CPU
	EndGlobalSection
	GlobalSection(SolutionProperties) = preSolution
		HideSolutionNode = FALSE
	EndGlobalSection
	GlobalSection(ExtensibilityGlobals) = postSolution
		SolutionGuid = {5FF20DE9-F45F-4409-8D49-6CA540AB2FB4}
	EndGlobalSection
EndGlobal
