
Microsoft Visual Studio Solution File, Format Version 12.00
# Visual Studio Version 16
VisualStudioVersion = 16.0.32510.428
MinimumVisualStudioVersion = 10.0.40219.1
Project("{FAE04EC0-301F-11D3-BF4B-00C04F79EFBC}") = "Devs2Blu.ProjetosAula4", "Devs2Blu.ProjetosAula4\Devs2Blu.ProjetosAula4.csproj", "{B203BB74-67CC-4EDF-B07E-E3ABF2551AFB}"
EndProject
Global
	GlobalSection(SolutionConfigurationPlatforms) = preSolution
		Debug|Any CPU = Debug|Any CPU
		Release|Any CPU = Release|Any CPU
	EndGlobalSection
	GlobalSection(ProjectConfigurationPlatforms) = postSolution
		{B203BB74-67CC-4EDF-B07E-E3ABF2551AFB}.Debug|Any CPU.ActiveCfg = Debug|Any CPU
		{B203BB74-67CC-4EDF-B07E-E3ABF2551AFB}.Debug|Any CPU.Build.0 = Debug|Any CPU
		{B203BB74-67CC-4EDF-B07E-E3ABF2551AFB}.Release|Any CPU.ActiveCfg = Release|Any CPU
		{B203BB74-67CC-4EDF-B07E-E3ABF2551AFB}.Release|Any CPU.Build.0 = Release|Any CPU
	EndGlobalSection
	GlobalSection(SolutionProperties) = preSolution
		HideSolutionNode = FALSE
	EndGlobalSection
	GlobalSection(ExtensibilityGlobals) = postSolution
		SolutionGuid = {D66695D9-8B43-49B3-A472-85A2606786D2}
	EndGlobalSection
EndGlobal
