
Microsoft Visual Studio Solution File, Format Version 12.00
# Visual Studio Version 16
VisualStudioVersion = 16.0.32510.428
MinimumVisualStudioVersion = 10.0.40219.1
Project("{FAE04EC0-301F-11D3-BF4B-00C04F79EFBC}") = "Devs2Blu.ProjetosAula.AulaOOP2", "src\Devs2Blu.ProjetosAula.AulaOOP2\Devs2Blu.ProjetosAula.AulaOOP2.csproj", "{6B53A76A-80AC-46C5-AE23-1118961BAA7C}"
EndProject
Project("{FAE04EC0-301F-11D3-BF4B-00C04F79EFBC}") = "Devs2Blu.ProjetosAula.OOP2Classes", "src\Devs2Blu.ProjetosAula.OOP2Classes\Devs2Blu.ProjetosAula.OOP2Classes.csproj", "{FD2F539E-B15C-4232-9C10-C29B6ABE0A1E}"
EndProject
Global
	GlobalSection(SolutionConfigurationPlatforms) = preSolution
		Debug|Any CPU = Debug|Any CPU
		Release|Any CPU = Release|Any CPU
	EndGlobalSection
	GlobalSection(ProjectConfigurationPlatforms) = postSolution
		{6B53A76A-80AC-46C5-AE23-1118961BAA7C}.Debug|Any CPU.ActiveCfg = Debug|Any CPU
		{6B53A76A-80AC-46C5-AE23-1118961BAA7C}.Debug|Any CPU.Build.0 = Debug|Any CPU
		{6B53A76A-80AC-46C5-AE23-1118961BAA7C}.Release|Any CPU.ActiveCfg = Release|Any CPU
		{6B53A76A-80AC-46C5-AE23-1118961BAA7C}.Release|Any CPU.Build.0 = Release|Any CPU
		{FD2F539E-B15C-4232-9C10-C29B6ABE0A1E}.Debug|Any CPU.ActiveCfg = Debug|Any CPU
		{FD2F539E-B15C-4232-9C10-C29B6ABE0A1E}.Debug|Any CPU.Build.0 = Debug|Any CPU
		{FD2F539E-B15C-4232-9C10-C29B6ABE0A1E}.Release|Any CPU.ActiveCfg = Release|Any CPU
		{FD2F539E-B15C-4232-9C10-C29B6ABE0A1E}.Release|Any CPU.Build.0 = Release|Any CPU
	EndGlobalSection
	GlobalSection(SolutionProperties) = preSolution
		HideSolutionNode = FALSE
	EndGlobalSection
	GlobalSection(ExtensibilityGlobals) = postSolution
		SolutionGuid = {E43C1FC3-A864-4D5A-BBDC-C4F325186742}
	EndGlobalSection
EndGlobal
