
Microsoft Visual Studio Solution File, Format Version 12.00
# Visual Studio Version 16
VisualStudioVersion = 16.0.32510.428
MinimumVisualStudioVersion = 10.0.40219.1
Project("{FAE04EC0-301F-11D3-BF4B-00C04F79EFBC}") = "Devs2Blu.ProjetosAula.AulaOOP1Intro", "src\Devs2Blu.ProjetosAula.AulaOOP1Intro\Devs2Blu.ProjetosAula.AulaOOP1Intro.csproj", "{9DAD6644-DBA1-4D69-804C-9ED393513343}"
EndProject
Project("{FAE04EC0-301F-11D3-BF4B-00C04F79EFBC}") = "Devs2Blu.ProjetosAula.Classes", "src\Devs2Blu.ProjetosAula.Classes\Devs2Blu.ProjetosAula.Classes.csproj", "{45BF6C93-FCAC-46A2-B880-B77505705D07}"
EndProject
Global
	GlobalSection(SolutionConfigurationPlatforms) = preSolution
		Debug|Any CPU = Debug|Any CPU
		Release|Any CPU = Release|Any CPU
	EndGlobalSection
	GlobalSection(ProjectConfigurationPlatforms) = postSolution
		{9DAD6644-DBA1-4D69-804C-9ED393513343}.Debug|Any CPU.ActiveCfg = Debug|Any CPU
		{9DAD6644-DBA1-4D69-804C-9ED393513343}.Debug|Any CPU.Build.0 = Debug|Any CPU
		{9DAD6644-DBA1-4D69-804C-9ED393513343}.Release|Any CPU.ActiveCfg = Release|Any CPU
		{9DAD6644-DBA1-4D69-804C-9ED393513343}.Release|Any CPU.Build.0 = Release|Any CPU
		{45BF6C93-FCAC-46A2-B880-B77505705D07}.Debug|Any CPU.ActiveCfg = Debug|Any CPU
		{45BF6C93-FCAC-46A2-B880-B77505705D07}.Debug|Any CPU.Build.0 = Debug|Any CPU
		{45BF6C93-FCAC-46A2-B880-B77505705D07}.Release|Any CPU.ActiveCfg = Release|Any CPU
		{45BF6C93-FCAC-46A2-B880-B77505705D07}.Release|Any CPU.Build.0 = Release|Any CPU
	EndGlobalSection
	GlobalSection(SolutionProperties) = preSolution
		HideSolutionNode = FALSE
	EndGlobalSection
	GlobalSection(ExtensibilityGlobals) = postSolution
		SolutionGuid = {A37B1A03-A875-49C5-ADA9-CC46C3D9A9B4}
	EndGlobalSection
EndGlobal
